
Microsoft Visual Studio Solution File, Format Version 12.00
Project("{FAE04EC0-301F-11D3-BF4B-00C04F79EFBC}") = "Day1-1", "Day1-1\Day1-1.csproj", "{7EEA83C4-E95B-4274-A282-BFC5AC832717}"
EndProject
Project("{FAE04EC0-301F-11D3-BF4B-00C04F79EFBC}") = "Day1-2", "Day1-2\Day1-2.csproj", "{B675F6A1-F881-4D27-9571-B67FAED61E22}"
EndProject
Project("{FAE04EC0-301F-11D3-BF4B-00C04F79EFBC}") = "Day2-1", "Day2-1\Day2-1.csproj", "{6A74342E-1450-41F7-96FD-2227DDF1A165}"
EndProject
Project("{FAE04EC0-301F-11D3-BF4B-00C04F79EFBC}") = "Day2-2", "Day2-2\Day2-2.csproj", "{2EA4B468-9B76-4571-A4FD-431E0C659498}"
EndProject
Project("{FAE04EC0-301F-11D3-BF4B-00C04F79EFBC}") = "Day3-1", "Day3-1\Day3-1.csproj", "{1C04684A-E1BF-4EFD-8299-8EF5EFDF493D}"
EndProject
Project("{FAE04EC0-301F-11D3-BF4B-00C04F79EFBC}") = "Day3-2", "Day3-2\Day3-2.csproj", "{1A1C377B-00F0-487F-B96A-D810F8B3E6FB}"
EndProject
Project("{FAE04EC0-301F-11D3-BF4B-00C04F79EFBC}") = "Day4-2", "Day4-2\Day4-2.csproj", "{B0E57062-367D-492C-9DB0-09947EDF6A53}"
EndProject
Project("{FAE04EC0-301F-11D3-BF4B-00C04F79EFBC}") = "Day4-1", "Day4-1\Day4-1.csproj", "{2E9E459A-C6BA-4F22-879B-65DD579E9589}"
EndProject
Global
	GlobalSection(SolutionConfigurationPlatforms) = preSolution
		Debug|Any CPU = Debug|Any CPU
		Release|Any CPU = Release|Any CPU
	EndGlobalSection
	GlobalSection(ProjectConfigurationPlatforms) = postSolution
		{7EEA83C4-E95B-4274-A282-BFC5AC832717}.Debug|Any CPU.ActiveCfg = Debug|Any CPU
		{7EEA83C4-E95B-4274-A282-BFC5AC832717}.Debug|Any CPU.Build.0 = Debug|Any CPU
		{7EEA83C4-E95B-4274-A282-BFC5AC832717}.Release|Any CPU.ActiveCfg = Release|Any CPU
		{7EEA83C4-E95B-4274-A282-BFC5AC832717}.Release|Any CPU.Build.0 = Release|Any CPU
		{B675F6A1-F881-4D27-9571-B67FAED61E22}.Debug|Any CPU.ActiveCfg = Debug|Any CPU
		{B675F6A1-F881-4D27-9571-B67FAED61E22}.Debug|Any CPU.Build.0 = Debug|Any CPU
		{B675F6A1-F881-4D27-9571-B67FAED61E22}.Release|Any CPU.ActiveCfg = Release|Any CPU
		{B675F6A1-F881-4D27-9571-B67FAED61E22}.Release|Any CPU.Build.0 = Release|Any CPU
		{6A74342E-1450-41F7-96FD-2227DDF1A165}.Debug|Any CPU.ActiveCfg = Debug|Any CPU
		{6A74342E-1450-41F7-96FD-2227DDF1A165}.Debug|Any CPU.Build.0 = Debug|Any CPU
		{6A74342E-1450-41F7-96FD-2227DDF1A165}.Release|Any CPU.ActiveCfg = Release|Any CPU
		{6A74342E-1450-41F7-96FD-2227DDF1A165}.Release|Any CPU.Build.0 = Release|Any CPU
		{2EA4B468-9B76-4571-A4FD-431E0C659498}.Debug|Any CPU.ActiveCfg = Debug|Any CPU
		{2EA4B468-9B76-4571-A4FD-431E0C659498}.Debug|Any CPU.Build.0 = Debug|Any CPU
		{2EA4B468-9B76-4571-A4FD-431E0C659498}.Release|Any CPU.ActiveCfg = Release|Any CPU
		{2EA4B468-9B76-4571-A4FD-431E0C659498}.Release|Any CPU.Build.0 = Release|Any CPU
		{1C04684A-E1BF-4EFD-8299-8EF5EFDF493D}.Debug|Any CPU.ActiveCfg = Debug|Any CPU
		{1C04684A-E1BF-4EFD-8299-8EF5EFDF493D}.Debug|Any CPU.Build.0 = Debug|Any CPU
		{1C04684A-E1BF-4EFD-8299-8EF5EFDF493D}.Release|Any CPU.ActiveCfg = Release|Any CPU
		{1C04684A-E1BF-4EFD-8299-8EF5EFDF493D}.Release|Any CPU.Build.0 = Release|Any CPU
		{1A1C377B-00F0-487F-B96A-D810F8B3E6FB}.Debug|Any CPU.ActiveCfg = Debug|Any CPU
		{1A1C377B-00F0-487F-B96A-D810F8B3E6FB}.Debug|Any CPU.Build.0 = Debug|Any CPU
		{1A1C377B-00F0-487F-B96A-D810F8B3E6FB}.Release|Any CPU.ActiveCfg = Release|Any CPU
		{1A1C377B-00F0-487F-B96A-D810F8B3E6FB}.Release|Any CPU.Build.0 = Release|Any CPU
		{B0E57062-367D-492C-9DB0-09947EDF6A53}.Debug|Any CPU.ActiveCfg = Debug|Any CPU
		{B0E57062-367D-492C-9DB0-09947EDF6A53}.Debug|Any CPU.Build.0 = Debug|Any CPU
		{B0E57062-367D-492C-9DB0-09947EDF6A53}.Release|Any CPU.ActiveCfg = Release|Any CPU
		{B0E57062-367D-492C-9DB0-09947EDF6A53}.Release|Any CPU.Build.0 = Release|Any CPU
		{2E9E459A-C6BA-4F22-879B-65DD579E9589}.Debug|Any CPU.ActiveCfg = Debug|Any CPU
		{2E9E459A-C6BA-4F22-879B-65DD579E9589}.Debug|Any CPU.Build.0 = Debug|Any CPU
		{2E9E459A-C6BA-4F22-879B-65DD579E9589}.Release|Any CPU.ActiveCfg = Release|Any CPU
		{2E9E459A-C6BA-4F22-879B-65DD579E9589}.Release|Any CPU.Build.0 = Release|Any CPU
	EndGlobalSection
EndGlobal
